
Microsoft Visual Studio Solution File, Format Version 12.00
# Visual Studio 15
VisualStudioVersion = 15.0.27703.2035
MinimumVisualStudioVersion = 10.0.40219.1
Project("{FAE04EC0-301F-11D3-BF4B-00C04F79EFBC}") = "WcfArmado", "WcfArmado\WcfArmado.csproj", "{4B32C68A-0192-4B2E-B7D8-63E040D38BCA}"
EndProject
Project("{FAE04EC0-301F-11D3-BF4B-00C04F79EFBC}") = "WcfArmado.Tests", "WcfArmado.Tests\WcfArmado.Tests.csproj", "{ECB072BD-9F65-41EC-B405-B84D5AD3A7D8}"
EndProject
Global
	GlobalSection(SolutionConfigurationPlatforms) = preSolution
		Debug|Any CPU = Debug|Any CPU
		Release|Any CPU = Release|Any CPU
	EndGlobalSection
	GlobalSection(ProjectConfigurationPlatforms) = postSolution
		{4B32C68A-0192-4B2E-B7D8-63E040D38BCA}.Debug|Any CPU.ActiveCfg = Debug|Any CPU
		{4B32C68A-0192-4B2E-B7D8-63E040D38BCA}.Debug|Any CPU.Build.0 = Debug|Any CPU
		{4B32C68A-0192-4B2E-B7D8-63E040D38BCA}.Release|Any CPU.ActiveCfg = Release|Any CPU
		{4B32C68A-0192-4B2E-B7D8-63E040D38BCA}.Release|Any CPU.Build.0 = Release|Any CPU
		{ECB072BD-9F65-41EC-B405-B84D5AD3A7D8}.Debug|Any CPU.ActiveCfg = Debug|Any CPU
		{ECB072BD-9F65-41EC-B405-B84D5AD3A7D8}.Debug|Any CPU.Build.0 = Debug|Any CPU
		{ECB072BD-9F65-41EC-B405-B84D5AD3A7D8}.Release|Any CPU.ActiveCfg = Release|Any CPU
		{ECB072BD-9F65-41EC-B405-B84D5AD3A7D8}.Release|Any CPU.Build.0 = Release|Any CPU
	EndGlobalSection
	GlobalSection(SolutionProperties) = preSolution
		HideSolutionNode = FALSE
	EndGlobalSection
	GlobalSection(ExtensibilityGlobals) = postSolution
		SolutionGuid = {EF0B3C4D-BE57-4F2B-B48F-4195F7742BD5}
	EndGlobalSection
EndGlobal
